
Microsoft Visual Studio Solution File, Format Version 12.00
# Visual Studio Version 16
VisualStudioVersion = 16.0.29905.134
MinimumVisualStudioVersion = 10.0.40219.1
Project("{2150E333-8FDC-42A3-9474-1A3956D46DE8}") = "Appraisal", "Appraisal", "{F1A0C0FE-25D3-4375-9A6D-09C116558785}"
EndProject
Project("{2150E333-8FDC-42A3-9474-1A3956D46DE8}") = "Authentication", "Authentication", "{4CA1C01A-F827-4714-89F1-6481E76C0504}"
EndProject
Project("{2150E333-8FDC-42A3-9474-1A3956D46DE8}") = "Employee", "Employee", "{735A3EA3-1B0C-426F-9918-180BC9EAFE99}"
EndProject
Project("{2150E333-8FDC-42A3-9474-1A3956D46DE8}") = "Common", "Common", "{596E3F0A-3487-4F50-9DC3-871B8DA421C2}"
EndProject
Project("{2150E333-8FDC-42A3-9474-1A3956D46DE8}") = "Solution Items", "Solution Items", "{41B8CB39-8A20-4E93-9426-7D5B8EECACAE}"
	ProjectSection(SolutionItems) = preProject
		Readme.md = Readme.md
	EndProjectSection
EndProject
Project("{9A19103F-16F7-4668-BE54-9A1E7A4F7556}") = "Resourceedge.Common", "Common\Resourceedge.Common\Resourceedge.Common.csproj", "{33574EA4-71EF-4858-BA8C-A75549055055}"
EndProject
Project("{9A19103F-16F7-4668-BE54-9A1E7A4F7556}") = "Resourceedge.Appraisal.API", "Appraisal\src\Resourceedge.Appraisal.API\Resourceedge.Appraisal.API.csproj", "{85484ACE-9DA7-46EC-92F2-A56E56575513}"
EndProject
Project("{9A19103F-16F7-4668-BE54-9A1E7A4F7556}") = "Resourceedge.Appraisal.Domain", "Appraisal\src\Resourceedge.Appraisal.Domain\Resourceedge.Appraisal.Domain.csproj", "{E75C8C71-2698-4C78-A17C-D59590D88A11}"
EndProject
Project("{2150E333-8FDC-42A3-9474-1A3956D46DE8}") = "src", "src", "{BFEE175D-BC92-4B78-9AAC-17C1A31C7D59}"
EndProject
Project("{2150E333-8FDC-42A3-9474-1A3956D46DE8}") = "src", "src", "{557EF19C-B162-4847-B982-9CA3A6735714}"
EndProject
Project("{9A19103F-16F7-4668-BE54-9A1E7A4F7556}") = "Resourceedge.Employee.API", "Employee\src\Resourceedge.Employee.API\Resourceedge.Employee.API.csproj", "{5BF5580F-3DAA-452B-B55A-D08C4C61D741}"
EndProject
Project("{9A19103F-16F7-4668-BE54-9A1E7A4F7556}") = "Resourceedge.Employee.Domain", "Employee\src\Resourceedge.Employee.Domain\Resourceedge.Employee.Domain.csproj", "{7C8BA185-5A67-4213-969E-DA1FA7765546}"
EndProject
Project("{2150E333-8FDC-42A3-9474-1A3956D46DE8}") = "src", "src", "{7D399B6B-67DE-425F-88AD-C9624E269E3A}"
EndProject
Project("{9A19103F-16F7-4668-BE54-9A1E7A4F7556}") = "Resourceedge.Authentication.API", "Authentication\src\Resourceedge.Authentication.API\Resourceedge.Authentication.API.csproj", "{5C4A1B9C-E405-46B6-9D6B-F1F9B856C89C}"
EndProject
Project("{9A19103F-16F7-4668-BE54-9A1E7A4F7556}") = "Resourceedge.Authentication.Domain", "Authentication\src\Resourceedge.Authentication.Domain\Resourceedge.Authentication.Domain.csproj", "{289374FE-52E8-40FE-B291-B7E630656CD7}"
EndProject
Project("{9A19103F-16F7-4668-BE54-9A1E7A4F7556}") = "Resourceedge.Employee.Application", "Employee\src\Resourceedge.Employee.Application\Resourceedge.Employee.Application.csproj", "{5BCA7ACB-9C3E-4440-BB5C-72D3F20F7047}"
EndProject
Project("{9A19103F-16F7-4668-BE54-9A1E7A4F7556}") = "Resourceedge.Employee.Infrastructure", "Employee\src\Resourceedge.Employee.Infrastructure\Resourceedge.Employee.Infrastructure.csproj", "{081D4ED8-4D2F-44C0-A802-FC557C45B145}"
EndProject
Project("{2150E333-8FDC-42A3-9474-1A3956D46DE8}") = "ApiGateway", "ApiGateway", "{869EBE76-3B25-4057-BB34-A6A1DA4D4F59}"
EndProject
Project("{2150E333-8FDC-42A3-9474-1A3956D46DE8}") = "src", "src", "{C022D530-3D53-4240-A870-AFA641C90260}"
EndProject
Project("{9A19103F-16F7-4668-BE54-9A1E7A4F7556}") = "Resourceedge.ApiGateway", "ApiGateway\src\Resourceedge.ApiGateway\Resourceedge.ApiGateway.csproj", "{153AF4EA-28F4-48CD-B723-873AC3D8A268}"
EndProject
Project("{9A19103F-16F7-4668-BE54-9A1E7A4F7556}") = "Resourceedge.Operations.Api", "Operations\src\Resourceedge.Operations.Api\Resourceedge.Operations.Api.csproj", "{50B84EA8-882A-45E7-92E9-35754894CC5E}"
EndProject
Project("{2150E333-8FDC-42A3-9474-1A3956D46DE8}") = "Operations", "Operations", "{15506E29-2F12-4CF3-BBDC-D6BDEAAA0943}"
EndProject
Project("{2150E333-8FDC-42A3-9474-1A3956D46DE8}") = "src", "src", "{F1134F4B-4610-4C9D-A43D-C92D5DAE7ABC}"
EndProject
Project("{E53339B2-1760-4266-BCC7-CA923CBCF16C}") = "docker-compose", "docker-compose.dcproj", "{312504E0-D791-43EA-A4EB-C1F7C41C9703}"
EndProject
Project("{2150E333-8FDC-42A3-9474-1A3956D46DE8}") = "ApiGatewayOcelot", "ApiGatewayOcelot", "{605E9048-BBD2-4AAA-91D3-D31CB25EFBB9}"
EndProject
Project("{2150E333-8FDC-42A3-9474-1A3956D46DE8}") = "src", "src", "{54F513DA-E4A2-44C5-812E-0D7F76680644}"
EndProject
Project("{9A19103F-16F7-4668-BE54-9A1E7A4F7556}") = "Resourceedge.ApiOcelot", "ApiGatewayOcelot\src\Resourceedge.ApiOcelot\Resourceedge.ApiOcelot.csproj", "{3CC688DC-ECF6-4817-BBE1-134CA04E03A2}"
EndProject
Project("{2150E333-8FDC-42A3-9474-1A3956D46DE8}") = "Workers", "Workers", "{456D2A71-EF3A-4C38-81B1-AB9E8FDBEEED}"
EndProject
Project("{2150E333-8FDC-42A3-9474-1A3956D46DE8}") = "src", "src", "{457D1DAE-7B61-4C73-8765-D8F4FE5FC137}"
EndProject
Project("{2150E333-8FDC-42A3-9474-1A3956D46DE8}") = "Email", "Email", "{EF4DFDAF-5C8F-42C9-BDD8-C436C453D8CF}"
EndProject
Project("{2150E333-8FDC-42A3-9474-1A3956D46DE8}") = "src", "src", "{0B751C78-6A6C-4098-B0C5-5DD924A0F905}"
EndProject
Project("{FAE04EC0-301F-11D3-BF4B-00C04F79EFBC}") = "Resourceedge.Worker.Auth", "Workers\src\Resourceedge.Worker.Auth\Resourceedge.Worker.Auth.csproj", "{EEDDCE71-D3D9-43EC-9976-1F15F43DDBB3}"
EndProject
Project("{FAE04EC0-301F-11D3-BF4B-00C04F79EFBC}") = "Resourceedge.Worker.Common", "Workers\src\Resourceedge.Worker.Common\Resourceedge.Worker.Common.csproj", "{2CFD0280-798E-4523-96D4-D44F56094A6B}"
EndProject
Project("{FAE04EC0-301F-11D3-BF4B-00C04F79EFBC}") = "DBIntializers", "Workers\src\DBIntializers\DBIntializers.csproj", "{851FCB03-7C65-489E-B5C3-D3980DE43DFB}"
EndProject
Project("{FAE04EC0-301F-11D3-BF4B-00C04F79EFBC}") = "Resourceedge.Email.Api", "Email\src\Resourceedge.Email.Api\Resourceedge.Email.Api.csproj", "{AB843F8D-7998-48B5-951E-EF173EAD2F1E}"
EndProject
Global
	GlobalSection(SolutionConfigurationPlatforms) = preSolution
		Debug|Any CPU = Debug|Any CPU
		Release|Any CPU = Release|Any CPU
	EndGlobalSection
	GlobalSection(ProjectConfigurationPlatforms) = postSolution
		{33574EA4-71EF-4858-BA8C-A75549055055}.Debug|Any CPU.ActiveCfg = Debug|Any CPU
		{33574EA4-71EF-4858-BA8C-A75549055055}.Debug|Any CPU.Build.0 = Debug|Any CPU
		{33574EA4-71EF-4858-BA8C-A75549055055}.Release|Any CPU.ActiveCfg = Release|Any CPU
		{33574EA4-71EF-4858-BA8C-A75549055055}.Release|Any CPU.Build.0 = Release|Any CPU
		{85484ACE-9DA7-46EC-92F2-A56E56575513}.Debug|Any CPU.ActiveCfg = Debug|Any CPU
		{85484ACE-9DA7-46EC-92F2-A56E56575513}.Debug|Any CPU.Build.0 = Debug|Any CPU
		{85484ACE-9DA7-46EC-92F2-A56E56575513}.Release|Any CPU.ActiveCfg = Release|Any CPU
		{85484ACE-9DA7-46EC-92F2-A56E56575513}.Release|Any CPU.Build.0 = Release|Any CPU
		{E75C8C71-2698-4C78-A17C-D59590D88A11}.Debug|Any CPU.ActiveCfg = Debug|Any CPU
		{E75C8C71-2698-4C78-A17C-D59590D88A11}.Debug|Any CPU.Build.0 = Debug|Any CPU
		{E75C8C71-2698-4C78-A17C-D59590D88A11}.Release|Any CPU.ActiveCfg = Release|Any CPU
		{E75C8C71-2698-4C78-A17C-D59590D88A11}.Release|Any CPU.Build.0 = Release|Any CPU
		{5BF5580F-3DAA-452B-B55A-D08C4C61D741}.Debug|Any CPU.ActiveCfg = Debug|Any CPU
		{5BF5580F-3DAA-452B-B55A-D08C4C61D741}.Debug|Any CPU.Build.0 = Debug|Any CPU
		{5BF5580F-3DAA-452B-B55A-D08C4C61D741}.Release|Any CPU.ActiveCfg = Release|Any CPU
		{5BF5580F-3DAA-452B-B55A-D08C4C61D741}.Release|Any CPU.Build.0 = Release|Any CPU
		{7C8BA185-5A67-4213-969E-DA1FA7765546}.Debug|Any CPU.ActiveCfg = Debug|Any CPU
		{7C8BA185-5A67-4213-969E-DA1FA7765546}.Debug|Any CPU.Build.0 = Debug|Any CPU
		{7C8BA185-5A67-4213-969E-DA1FA7765546}.Release|Any CPU.ActiveCfg = Release|Any CPU
		{7C8BA185-5A67-4213-969E-DA1FA7765546}.Release|Any CPU.Build.0 = Release|Any CPU
		{5C4A1B9C-E405-46B6-9D6B-F1F9B856C89C}.Debug|Any CPU.ActiveCfg = Debug|Any CPU
		{5C4A1B9C-E405-46B6-9D6B-F1F9B856C89C}.Debug|Any CPU.Build.0 = Debug|Any CPU
		{5C4A1B9C-E405-46B6-9D6B-F1F9B856C89C}.Release|Any CPU.ActiveCfg = Release|Any CPU
		{5C4A1B9C-E405-46B6-9D6B-F1F9B856C89C}.Release|Any CPU.Build.0 = Release|Any CPU
		{289374FE-52E8-40FE-B291-B7E630656CD7}.Debug|Any CPU.ActiveCfg = Debug|Any CPU
		{289374FE-52E8-40FE-B291-B7E630656CD7}.Debug|Any CPU.Build.0 = Debug|Any CPU
		{289374FE-52E8-40FE-B291-B7E630656CD7}.Release|Any CPU.ActiveCfg = Release|Any CPU
		{289374FE-52E8-40FE-B291-B7E630656CD7}.Release|Any CPU.Build.0 = Release|Any CPU
		{5BCA7ACB-9C3E-4440-BB5C-72D3F20F7047}.Debug|Any CPU.ActiveCfg = Debug|Any CPU
		{5BCA7ACB-9C3E-4440-BB5C-72D3F20F7047}.Debug|Any CPU.Build.0 = Debug|Any CPU
		{5BCA7ACB-9C3E-4440-BB5C-72D3F20F7047}.Release|Any CPU.ActiveCfg = Release|Any CPU
		{5BCA7ACB-9C3E-4440-BB5C-72D3F20F7047}.Release|Any CPU.Build.0 = Release|Any CPU
		{081D4ED8-4D2F-44C0-A802-FC557C45B145}.Debug|Any CPU.ActiveCfg = Debug|Any CPU
		{081D4ED8-4D2F-44C0-A802-FC557C45B145}.Debug|Any CPU.Build.0 = Debug|Any CPU
		{081D4ED8-4D2F-44C0-A802-FC557C45B145}.Release|Any CPU.ActiveCfg = Release|Any CPU
		{081D4ED8-4D2F-44C0-A802-FC557C45B145}.Release|Any CPU.Build.0 = Release|Any CPU
		{153AF4EA-28F4-48CD-B723-873AC3D8A268}.Debug|Any CPU.ActiveCfg = Debug|Any CPU
		{153AF4EA-28F4-48CD-B723-873AC3D8A268}.Debug|Any CPU.Build.0 = Debug|Any CPU
		{153AF4EA-28F4-48CD-B723-873AC3D8A268}.Release|Any CPU.ActiveCfg = Release|Any CPU
		{153AF4EA-28F4-48CD-B723-873AC3D8A268}.Release|Any CPU.Build.0 = Release|Any CPU
		{50B84EA8-882A-45E7-92E9-35754894CC5E}.Debug|Any CPU.ActiveCfg = Debug|Any CPU
		{50B84EA8-882A-45E7-92E9-35754894CC5E}.Debug|Any CPU.Build.0 = Debug|Any CPU
		{50B84EA8-882A-45E7-92E9-35754894CC5E}.Release|Any CPU.ActiveCfg = Release|Any CPU
		{50B84EA8-882A-45E7-92E9-35754894CC5E}.Release|Any CPU.Build.0 = Release|Any CPU
		{312504E0-D791-43EA-A4EB-C1F7C41C9703}.Debug|Any CPU.ActiveCfg = Debug|Any CPU
		{312504E0-D791-43EA-A4EB-C1F7C41C9703}.Debug|Any CPU.Build.0 = Debug|Any CPU
		{312504E0-D791-43EA-A4EB-C1F7C41C9703}.Release|Any CPU.ActiveCfg = Release|Any CPU
		{312504E0-D791-43EA-A4EB-C1F7C41C9703}.Release|Any CPU.Build.0 = Release|Any CPU
		{3CC688DC-ECF6-4817-BBE1-134CA04E03A2}.Debug|Any CPU.ActiveCfg = Debug|Any CPU
		{3CC688DC-ECF6-4817-BBE1-134CA04E03A2}.Debug|Any CPU.Build.0 = Debug|Any CPU
		{3CC688DC-ECF6-4817-BBE1-134CA04E03A2}.Release|Any CPU.ActiveCfg = Release|Any CPU
		{3CC688DC-ECF6-4817-BBE1-134CA04E03A2}.Release|Any CPU.Build.0 = Release|Any CPU
		{EEDDCE71-D3D9-43EC-9976-1F15F43DDBB3}.Debug|Any CPU.ActiveCfg = Debug|Any CPU
		{EEDDCE71-D3D9-43EC-9976-1F15F43DDBB3}.Debug|Any CPU.Build.0 = Debug|Any CPU
		{EEDDCE71-D3D9-43EC-9976-1F15F43DDBB3}.Release|Any CPU.ActiveCfg = Release|Any CPU
		{EEDDCE71-D3D9-43EC-9976-1F15F43DDBB3}.Release|Any CPU.Build.0 = Release|Any CPU
		{2CFD0280-798E-4523-96D4-D44F56094A6B}.Debug|Any CPU.ActiveCfg = Debug|Any CPU
		{2CFD0280-798E-4523-96D4-D44F56094A6B}.Debug|Any CPU.Build.0 = Debug|Any CPU
		{2CFD0280-798E-4523-96D4-D44F56094A6B}.Release|Any CPU.ActiveCfg = Release|Any CPU
		{2CFD0280-798E-4523-96D4-D44F56094A6B}.Release|Any CPU.Build.0 = Release|Any CPU
		{851FCB03-7C65-489E-B5C3-D3980DE43DFB}.Debug|Any CPU.ActiveCfg = Debug|Any CPU
		{851FCB03-7C65-489E-B5C3-D3980DE43DFB}.Debug|Any CPU.Build.0 = Debug|Any CPU
		{851FCB03-7C65-489E-B5C3-D3980DE43DFB}.Release|Any CPU.ActiveCfg = Release|Any CPU
		{851FCB03-7C65-489E-B5C3-D3980DE43DFB}.Release|Any CPU.Build.0 = Release|Any CPU
		{AB843F8D-7998-48B5-951E-EF173EAD2F1E}.Debug|Any CPU.ActiveCfg = Debug|Any CPU
		{AB843F8D-7998-48B5-951E-EF173EAD2F1E}.Debug|Any CPU.Build.0 = Debug|Any CPU
		{AB843F8D-7998-48B5-951E-EF173EAD2F1E}.Release|Any CPU.ActiveCfg = Release|Any CPU
		{AB843F8D-7998-48B5-951E-EF173EAD2F1E}.Release|Any CPU.Build.0 = Release|Any CPU
	EndGlobalSection
	GlobalSection(SolutionProperties) = preSolution
		HideSolutionNode = FALSE
	EndGlobalSection
	GlobalSection(NestedProjects) = preSolution
		{33574EA4-71EF-4858-BA8C-A75549055055} = {596E3F0A-3487-4F50-9DC3-871B8DA421C2}
		{85484ACE-9DA7-46EC-92F2-A56E56575513} = {BFEE175D-BC92-4B78-9AAC-17C1A31C7D59}
		{E75C8C71-2698-4C78-A17C-D59590D88A11} = {BFEE175D-BC92-4B78-9AAC-17C1A31C7D59}
		{BFEE175D-BC92-4B78-9AAC-17C1A31C7D59} = {F1A0C0FE-25D3-4375-9A6D-09C116558785}
		{557EF19C-B162-4847-B982-9CA3A6735714} = {735A3EA3-1B0C-426F-9918-180BC9EAFE99}
		{5BF5580F-3DAA-452B-B55A-D08C4C61D741} = {557EF19C-B162-4847-B982-9CA3A6735714}
		{7C8BA185-5A67-4213-969E-DA1FA7765546} = {557EF19C-B162-4847-B982-9CA3A6735714}
		{7D399B6B-67DE-425F-88AD-C9624E269E3A} = {4CA1C01A-F827-4714-89F1-6481E76C0504}
		{5C4A1B9C-E405-46B6-9D6B-F1F9B856C89C} = {7D399B6B-67DE-425F-88AD-C9624E269E3A}
		{289374FE-52E8-40FE-B291-B7E630656CD7} = {7D399B6B-67DE-425F-88AD-C9624E269E3A}
		{5BCA7ACB-9C3E-4440-BB5C-72D3F20F7047} = {557EF19C-B162-4847-B982-9CA3A6735714}
		{081D4ED8-4D2F-44C0-A802-FC557C45B145} = {557EF19C-B162-4847-B982-9CA3A6735714}
		{C022D530-3D53-4240-A870-AFA641C90260} = {869EBE76-3B25-4057-BB34-A6A1DA4D4F59}
		{153AF4EA-28F4-48CD-B723-873AC3D8A268} = {C022D530-3D53-4240-A870-AFA641C90260}
		{50B84EA8-882A-45E7-92E9-35754894CC5E} = {F1134F4B-4610-4C9D-A43D-C92D5DAE7ABC}
		{F1134F4B-4610-4C9D-A43D-C92D5DAE7ABC} = {15506E29-2F12-4CF3-BBDC-D6BDEAAA0943}
		{54F513DA-E4A2-44C5-812E-0D7F76680644} = {605E9048-BBD2-4AAA-91D3-D31CB25EFBB9}
		{3CC688DC-ECF6-4817-BBE1-134CA04E03A2} = {54F513DA-E4A2-44C5-812E-0D7F76680644}
		{457D1DAE-7B61-4C73-8765-D8F4FE5FC137} = {456D2A71-EF3A-4C38-81B1-AB9E8FDBEEED}
		{0B751C78-6A6C-4098-B0C5-5DD924A0F905} = {EF4DFDAF-5C8F-42C9-BDD8-C436C453D8CF}
		{EEDDCE71-D3D9-43EC-9976-1F15F43DDBB3} = {457D1DAE-7B61-4C73-8765-D8F4FE5FC137}
		{2CFD0280-798E-4523-96D4-D44F56094A6B} = {457D1DAE-7B61-4C73-8765-D8F4FE5FC137}
		{851FCB03-7C65-489E-B5C3-D3980DE43DFB} = {457D1DAE-7B61-4C73-8765-D8F4FE5FC137}
		{AB843F8D-7998-48B5-951E-EF173EAD2F1E} = {0B751C78-6A6C-4098-B0C5-5DD924A0F905}
	EndGlobalSection
	GlobalSection(ExtensibilityGlobals) = postSolution
		SolutionGuid = {8D69C74D-FE7D-4C07-AA58-6015158E57DE}
	EndGlobalSection
EndGlobal
